{
  "originHash" : "14dbde3dea0bb764cfc421430c1a73b3c765c9c1009db26d09bc9a135eed63b6",
  "pins" : [
    {
      "identity" : "purchases-ios-spm",
      "kind" : "remoteSourceControl",
      "location" : "https://github.com/RevenueCat/purchases-ios-spm",
      "state" : {
        "revision" : "66f81c19e29170cecc1f155c62cd586cf53b8400",
        "version" : "5.67.1"
      }
    },
    {
      "identity" : "waveformscrubber",
      "kind" : "remoteSourceControl",
      "location" : "https://github.com/lkora/WaveformScrubber.git",
      "state" : {
        "branch" : "main",
        "revision" : "8eedca505a58675dbbfa1082aa9d5f073cf25a34"
      }
    }
  ],
  "version" : 3
}
