{
  "originHash" : "570281a4f61371c89740aa0ab06122dcaf27dc13c4c488edc98163f16a02200f",
  "pins" : [
    {
      "identity" : "purchases-ios-spm",
      "kind" : "remoteSourceControl",
      "location" : "https://github.com/RevenueCat/purchases-ios-spm",
      "state" : {
        "revision" : "66f81c19e29170cecc1f155c62cd586cf53b8400",
        "version" : "5.67.1"
      }
    },
    {
      "identity" : "svprogresshud",
      "kind" : "remoteSourceControl",
      "location" : "https://github.com/SVProgressHUD/SVProgressHUD.git",
      "state" : {
        "revision" : "c33f7c775ba7feea6047a1fc3257f2e5863b44f7",
        "version" : "2.3.1"
      }
    },
    {
      "identity" : "waveformscrubber",
      "kind" : "remoteSourceControl",
      "location" : "https://github.com/lkora/WaveformScrubber.git",
      "state" : {
        "branch" : "main",
        "revision" : "8eedca505a58675dbbfa1082aa9d5f073cf25a34"
      }
    }
  ],
  "version" : 3
}
