// !$*UTF8*$!
{
	archiveVersion = 1;
	classes = {
	};
	objectVersion = 77;
	objects = {

/* Begin PBXBuildFile section */
		70529F912F7EA67500E53993 /* WaveformScrubber in Frameworks */ = {isa = PBXBuildFile; productRef = 70529F902F7EA67500E53993 /* WaveformScrubber */; };
		7064ADED2F800EF300B06E04 /* RevenueCat in Frameworks */ = {isa = PBXBuildFile; productRef = 7064ADEC2F800EF300B06E04 /* RevenueCat */; };
		7064ADF02F80116600B06E04 /* SVProgressHUD in Frameworks */ = {isa = PBXBuildFile; productRef = 7064ADEF2F80116600B06E04 /* SVProgressHUD */; };
		70B955472F81B1E200324F31 /* WidgetKit.framework in Frameworks */ = {isa = PBXBuildFile; fileRef = 70B955462F81B1E100324F31 /* WidgetKit.framework */; };
		70B955492F81B1E200324F31 /* SwiftUI.framework in Frameworks */ = {isa = PBXBuildFile; fileRef = 70B955482F81B1E200324F31 /* SwiftUI.framework */; };
		70B955542F81B1E300324F31 /* RecordWidgetExtension.appex in Embed Foundation Extensions */ = {isa = PBXBuildFile; fileRef = 70B955442F81B1E100324F31 /* RecordWidgetExtension.appex */; settings = {ATTRIBUTES = (RemoveHeadersOnCopy, ); }; };
/* End PBXBuildFile section */

/* Begin PBXContainerItemProxy section */
		70B955522F81B1E300324F31 /* PBXContainerItemProxy */ = {
			isa = PBXContainerItemProxy;
			containerPortal = 706CE5542F7AAF9900FE7CB1 /* Project object */;
			proxyType = 1;
			remoteGlobalIDString = 70B955432F81B1E100324F31;
			remoteInfo = RecordWidgetExtension;
		};
/* End PBXContainerItemProxy section */

/* Begin PBXCopyFilesBuildPhase section */
		70B955592F81B1E300324F31 /* Embed Foundation Extensions */ = {
			isa = PBXCopyFilesBuildPhase;
			buildActionMask = 2147483647;
			dstPath = "";
			dstSubfolderSpec = 13;
			files = (
				70B955542F81B1E300324F31 /* RecordWidgetExtension.appex in Embed Foundation Extensions */,
			);
			name = "Embed Foundation Extensions";
			runOnlyForDeploymentPostprocessing = 0;
		};
/* End PBXCopyFilesBuildPhase section */

/* Begin PBXFileReference section */
		706CE55C2F7AAF9900FE7CB1 /* AudioReverse.app */ = {isa = PBXFileReference; explicitFileType = wrapper.application; includeInIndex = 0; path = AudioReverse.app; sourceTree = BUILT_PRODUCTS_DIR; };
		70B955442F81B1E100324F31 /* RecordWidgetExtension.appex */ = {isa = PBXFileReference; explicitFileType = "wrapper.app-extension"; includeInIndex = 0; path = RecordWidgetExtension.appex; sourceTree = BUILT_PRODUCTS_DIR; };
		70B955462F81B1E100324F31 /* WidgetKit.framework */ = {isa = PBXFileReference; lastKnownFileType = wrapper.framework; name = WidgetKit.framework; path = System/Library/Frameworks/WidgetKit.framework; sourceTree = SDKROOT; };
		70B955482F81B1E200324F31 /* SwiftUI.framework */ = {isa = PBXFileReference; lastKnownFileType = wrapper.framework; name = SwiftUI.framework; path = System/Library/Frameworks/SwiftUI.framework; sourceTree = SDKROOT; };
/* End PBXFileReference section */

/* Begin PBXFileSystemSynchronizedBuildFileExceptionSet section */
		70B955582F81B1E300324F31 /* Exceptions for "RecordWidget" folder in "RecordWidgetExtension" target */ = {
			isa = PBXFileSystemSynchronizedBuildFileExceptionSet;
			membershipExceptions = (
				Info.plist,
			);
			target = 70B955432F81B1E100324F31 /* RecordWidgetExtension */;
		};
		70E70C642F7ACF7200146782 /* Exceptions for "AudioReverse" folder in "AudioReverse" target */ = {
			isa = PBXFileSystemSynchronizedBuildFileExceptionSet;
			membershipExceptions = (
				Info.plist,
			);
			target = 706CE55B2F7AAF9900FE7CB1 /* AudioReverse */;
		};
/* End PBXFileSystemSynchronizedBuildFileExceptionSet section */

/* Begin PBXFileSystemSynchronizedRootGroup section */
		706CE55E2F7AAF9900FE7CB1 /* AudioReverse */ = {
			isa = PBXFileSystemSynchronizedRootGroup;
			exceptions = (
				70E70C642F7ACF7200146782 /* Exceptions for "AudioReverse" folder in "AudioReverse" target */,
			);
			path = AudioReverse;
			sourceTree = "<group>";
		};
		70B9554A2F81B1E200324F31 /* RecordWidget */ = {
			isa = PBXFileSystemSynchronizedRootGroup;
			exceptions = (
				70B955582F81B1E300324F31 /* Exceptions for "RecordWidget" folder in "RecordWidgetExtension" target */,
			);
			path = RecordWidget;
			sourceTree = "<group>";
		};
/* End PBXFileSystemSynchronizedRootGroup section */

/* Begin PBXFrameworksBuildPhase section */
		706CE5592F7AAF9900FE7CB1 /* Frameworks */ = {
			isa = PBXFrameworksBuildPhase;
			buildActionMask = 2147483647;
			files = (
				7064ADF02F80116600B06E04 /* SVProgressHUD in Frameworks */,
				7064ADED2F800EF300B06E04 /* RevenueCat in Frameworks */,
				70529F912F7EA67500E53993 /* WaveformScrubber in Frameworks */,
			);
			runOnlyForDeploymentPostprocessing = 0;
		};
		70B955412F81B1E100324F31 /* Frameworks */ = {
			isa = PBXFrameworksBuildPhase;
			buildActionMask = 2147483647;
			files = (
				70B955492F81B1E200324F31 /* SwiftUI.framework in Frameworks */,
				70B955472F81B1E200324F31 /* WidgetKit.framework in Frameworks */,
			);
			runOnlyForDeploymentPostprocessing = 0;
		};
/* End PBXFrameworksBuildPhase section */

/* Begin PBXGroup section */
		706CE5532F7AAF9900FE7CB1 = {
			isa = PBXGroup;
			children = (
				706CE55E2F7AAF9900FE7CB1 /* AudioReverse */,
				70B9554A2F81B1E200324F31 /* RecordWidget */,
				70B955452F81B1E100324F31 /* Frameworks */,
				706CE55D2F7AAF9900FE7CB1 /* Products */,
			);
			sourceTree = "<group>";
		};
		706CE55D2F7AAF9900FE7CB1 /* Products */ = {
			isa = PBXGroup;
			children = (
				706CE55C2F7AAF9900FE7CB1 /* AudioReverse.app */,
				70B955442F81B1E100324F31 /* RecordWidgetExtension.appex */,
			);
			name = Products;
			sourceTree = "<group>";
		};
		70B955452F81B1E100324F31 /* Frameworks */ = {
			isa = PBXGroup;
			children = (
				70B955462F81B1E100324F31 /* WidgetKit.framework */,
				70B955482F81B1E200324F31 /* SwiftUI.framework */,
			);
			name = Frameworks;
			sourceTree = "<group>";
		};
/* End PBXGroup section */

/* Begin PBXNativeTarget section */
		706CE55B2F7AAF9900FE7CB1 /* AudioReverse */ = {
			isa = PBXNativeTarget;
			buildConfigurationList = 706CE5672F7AAF9A00FE7CB1 /* Build configuration list for PBXNativeTarget "AudioReverse" */;
			buildPhases = (
				706CE5582F7AAF9900FE7CB1 /* Sources */,
				706CE5592F7AAF9900FE7CB1 /* Frameworks */,
				706CE55A2F7AAF9900FE7CB1 /* Resources */,
				70B955592F81B1E300324F31 /* Embed Foundation Extensions */,
			);
			buildRules = (
			);
			dependencies = (
				70B955532F81B1E300324F31 /* PBXTargetDependency */,
			);
			fileSystemSynchronizedGroups = (
				706CE55E2F7AAF9900FE7CB1 /* AudioReverse */,
			);
			name = AudioReverse;
			packageProductDependencies = (
				70529F902F7EA67500E53993 /* WaveformScrubber */,
				7064ADEC2F800EF300B06E04 /* RevenueCat */,
				7064ADEF2F80116600B06E04 /* SVProgressHUD */,
			);
			productName = AudioReverse;
			productReference = 706CE55C2F7AAF9900FE7CB1 /* AudioReverse.app */;
			productType = "com.apple.product-type.application";
		};
		70B955432F81B1E100324F31 /* RecordWidgetExtension */ = {
			isa = PBXNativeTarget;
			buildConfigurationList = 70B955552F81B1E300324F31 /* Build configuration list for PBXNativeTarget "RecordWidgetExtension" */;
			buildPhases = (
				70B955402F81B1E100324F31 /* Sources */,
				70B955412F81B1E100324F31 /* Frameworks */,
				70B955422F81B1E100324F31 /* Resources */,
			);
			buildRules = (
			);
			dependencies = (
			);
			fileSystemSynchronizedGroups = (
				70B9554A2F81B1E200324F31 /* RecordWidget */,
			);
			name = RecordWidgetExtension;
			packageProductDependencies = (
			);
			productName = RecordWidgetExtension;
			productReference = 70B955442F81B1E100324F31 /* RecordWidgetExtension.appex */;
			productType = "com.apple.product-type.app-extension";
		};
/* End PBXNativeTarget section */

/* Begin PBXProject section */
		706CE5542F7AAF9900FE7CB1 /* Project object */ = {
			isa = PBXProject;
			attributes = {
				BuildIndependentTargetsInParallel = 1;
				LastSwiftUpdateCheck = 2630;
				LastUpgradeCheck = 2630;
				TargetAttributes = {
					706CE55B2F7AAF9900FE7CB1 = {
						CreatedOnToolsVersion = 26.3;
					};
					70B955432F81B1E100324F31 = {
						CreatedOnToolsVersion = 26.3;
					};
				};
			};
			buildConfigurationList = 706CE5572F7AAF9900FE7CB1 /* Build configuration list for PBXProject "AudioReverse" */;
			developmentRegion = en;
			hasScannedForEncodings = 0;
			knownRegions = (
				en,
				Base,
				de,
				ja,
				ko,
				es,
				fr,
			);
			mainGroup = 706CE5532F7AAF9900FE7CB1;
			minimizedProjectReferenceProxies = 1;
			packageReferences = (
				70529F8F2F7EA67500E53993 /* XCRemoteSwiftPackageReference "WaveformScrubber" */,
				7064ADEB2F800EF300B06E04 /* XCRemoteSwiftPackageReference "purchases-ios-spm" */,
				7064ADEE2F80116600B06E04 /* XCRemoteSwiftPackageReference "SVProgressHUD" */,
			);
			preferredProjectObjectVersion = 77;
			productRefGroup = 706CE55D2F7AAF9900FE7CB1 /* Products */;
			projectDirPath = "";
			projectRoot = "";
			targets = (
				706CE55B2F7AAF9900FE7CB1 /* AudioReverse */,
				70B955432F81B1E100324F31 /* RecordWidgetExtension */,
			);
		};
/* End PBXProject section */

/* Begin PBXResourcesBuildPhase section */
		706CE55A2F7AAF9900FE7CB1 /* Resources */ = {
			isa = PBXResourcesBuildPhase;
			buildActionMask = 2147483647;
			files = (
			);
			runOnlyForDeploymentPostprocessing = 0;
		};
		70B955422F81B1E100324F31 /* Resources */ = {
			isa = PBXResourcesBuildPhase;
			buildActionMask = 2147483647;
			files = (
			);
			runOnlyForDeploymentPostprocessing = 0;
		};
/* End PBXResourcesBuildPhase section */

/* Begin PBXSourcesBuildPhase section */
		706CE5582F7AAF9900FE7CB1 /* Sources */ = {
			isa = PBXSourcesBuildPhase;
			buildActionMask = 2147483647;
			files = (
			);
			runOnlyForDeploymentPostprocessing = 0;
		};
		70B955402F81B1E100324F31 /* Sources */ = {
			isa = PBXSourcesBuildPhase;
			buildActionMask = 2147483647;
			files = (
			);
			runOnlyForDeploymentPostprocessing = 0;
		};
/* End PBXSourcesBuildPhase section */

/* Begin PBXTargetDependency section */
		70B955532F81B1E300324F31 /* PBXTargetDependency */ = {
			isa = PBXTargetDependency;
			target = 70B955432F81B1E100324F31 /* RecordWidgetExtension */;
			targetProxy = 70B955522F81B1E300324F31 /* PBXContainerItemProxy */;
		};
/* End PBXTargetDependency section */

/* Begin XCBuildConfiguration section */
		706CE5652F7AAF9A00FE7CB1 /* Debug */ = {
			isa = XCBuildConfiguration;
			buildSettings = {
				ALWAYS_SEARCH_USER_PATHS = NO;
				ASSETCATALOG_COMPILER_GENERATE_SWIFT_ASSET_SYMBOL_EXTENSIONS = YES;
				CLANG_ANALYZER_NONNULL = YES;
				CLANG_ANALYZER_NUMBER_OBJECT_CONVERSION = YES_AGGRESSIVE;
				CLANG_CXX_LANGUAGE_STANDARD = "gnu++20";
				CLANG_ENABLE_MODULES = YES;
				CLANG_ENABLE_OBJC_ARC = YES;
				CLANG_ENABLE_OBJC_WEAK = YES;
				CLANG_WARN_BLOCK_CAPTURE_AUTORELEASING = YES;
				CLANG_WARN_BOOL_CONVERSION = YES;
				CLANG_WARN_COMMA = YES;
				CLANG_WARN_CONSTANT_CONVERSION = YES;
				CLANG_WARN_DEPRECATED_OBJC_IMPLEMENTATIONS = YES;
				CLANG_WARN_DIRECT_OBJC_ISA_USAGE = YES_ERROR;
				CLANG_WARN_DOCUMENTATION_COMMENTS = YES;
				CLANG_WARN_EMPTY_BODY = YES;
				CLANG_WARN_ENUM_CONVERSION = YES;
				CLANG_WARN_INFINITE_RECURSION = YES;
				CLANG_WARN_INT_CONVERSION = YES;
				CLANG_WARN_NON_LITERAL_NULL_CONVERSION = YES;
				CLANG_WARN_OBJC_IMPLICIT_RETAIN_SELF = YES;
				CLANG_WARN_OBJC_LITERAL_CONVERSION = YES;
				CLANG_WARN_OBJC_ROOT_CLASS = YES_ERROR;
				CLANG_WARN_QUOTED_INCLUDE_IN_FRAMEWORK_HEADER = YES;
				CLANG_WARN_RANGE_LOOP_ANALYSIS = YES;
				CLANG_WARN_STRICT_PROTOTYPES = YES;
				CLANG_WARN_SUSPICIOUS_MOVE = YES;
				CLANG_WARN_UNGUARDED_AVAILABILITY = YES_AGGRESSIVE;
				CLANG_WARN_UNREACHABLE_CODE = YES;
				CLANG_WARN__DUPLICATE_METHOD_MATCH = YES;
				COPY_PHASE_STRIP = NO;
				DEBUG_INFORMATION_FORMAT = dwarf;
				DEVELOPMENT_TEAM = F97AL9VQUZ;
				ENABLE_STRICT_OBJC_MSGSEND = YES;
				ENABLE_TESTABILITY = YES;
				ENABLE_USER_SCRIPT_SANDBOXING = YES;
				GCC_C_LANGUAGE_STANDARD = gnu17;
				GCC_DYNAMIC_NO_PIC = NO;
				GCC_NO_COMMON_BLOCKS = YES;
				GCC_OPTIMIZATION_LEVEL = 0;
				GCC_PREPROCESSOR_DEFINITIONS = (
					"DEBUG=1",
					"$(inherited)",
				);
				GCC_WARN_64_TO_32_BIT_CONVERSION = YES;
				GCC_WARN_ABOUT_RETURN_TYPE = YES_ERROR;
				GCC_WARN_UNDECLARED_SELECTOR = YES;
				GCC_WARN_UNINITIALIZED_AUTOS = YES_AGGRESSIVE;
				GCC_WARN_UNUSED_FUNCTION = YES;
				GCC_WARN_UNUSED_VARIABLE = YES;
				IPHONEOS_DEPLOYMENT_TARGET = 26.2;
				LOCALIZATION_PREFERS_STRING_CATALOGS = YES;
				MTL_ENABLE_DEBUG_INFO = INCLUDE_SOURCE;
				MTL_FAST_MATH = YES;
				ONLY_ACTIVE_ARCH = YES;
				SDKROOT = iphoneos;
				SWIFT_ACTIVE_COMPILATION_CONDITIONS = "DEBUG $(inherited)";
				SWIFT_EMIT_LOC_STRINGS = YES;
				SWIFT_OPTIMIZATION_LEVEL = "-Onone";
			};
			name = Debug;
		};
		706CE5662F7AAF9A00FE7CB1 /* Release */ = {
			isa = XCBuildConfiguration;
			buildSettings = {
				ALWAYS_SEARCH_USER_PATHS = NO;
				ASSETCATALOG_COMPILER_GENERATE_SWIFT_ASSET_SYMBOL_EXTENSIONS = YES;
				CLANG_ANALYZER_NONNULL = YES;
				CLANG_ANALYZER_NUMBER_OBJECT_CONVERSION = YES_AGGRESSIVE;
				CLANG_CXX_LANGUAGE_STANDARD = "gnu++20";
				CLANG_ENABLE_MODULES = YES;
				CLANG_ENABLE_OBJC_ARC = YES;
				CLANG_ENABLE_OBJC_WEAK = YES;
				CLANG_WARN_BLOCK_CAPTURE_AUTORELEASING = YES;
				CLANG_WARN_BOOL_CONVERSION = YES;
				CLANG_WARN_COMMA = YES;
				CLANG_WARN_CONSTANT_CONVERSION = YES;
				CLANG_WARN_DEPRECATED_OBJC_IMPLEMENTATIONS = YES;
				CLANG_WARN_DIRECT_OBJC_ISA_USAGE = YES_ERROR;
				CLANG_WARN_DOCUMENTATION_COMMENTS = YES;
				CLANG_WARN_EMPTY_BODY = YES;
				CLANG_WARN_ENUM_CONVERSION = YES;
				CLANG_WARN_INFINITE_RECURSION = YES;
				CLANG_WARN_INT_CONVERSION = YES;
				CLANG_WARN_NON_LITERAL_NULL_CONVERSION = YES;
				CLANG_WARN_OBJC_IMPLICIT_RETAIN_SELF = YES;
				CLANG_WARN_OBJC_LITERAL_CONVERSION = YES;
				CLANG_WARN_OBJC_ROOT_CLASS = YES_ERROR;
				CLANG_WARN_QUOTED_INCLUDE_IN_FRAMEWORK_HEADER = YES;
				CLANG_WARN_RANGE_LOOP_ANALYSIS = YES;
				CLANG_WARN_STRICT_PROTOTYPES = YES;
				CLANG_WARN_SUSPICIOUS_MOVE = YES;
				CLANG_WARN_UNGUARDED_AVAILABILITY = YES_AGGRESSIVE;
				CLANG_WARN_UNREACHABLE_CODE = YES;
				CLANG_WARN__DUPLICATE_METHOD_MATCH = YES;
				COPY_PHASE_STRIP = NO;
				DEBUG_INFORMATION_FORMAT = "dwarf-with-dsym";
				DEVELOPMENT_TEAM = F97AL9VQUZ;
				ENABLE_NS_ASSERTIONS = NO;
				ENABLE_STRICT_OBJC_MSGSEND = YES;
				ENABLE_USER_SCRIPT_SANDBOXING = YES;
				GCC_C_LANGUAGE_STANDARD = gnu17;
				GCC_NO_COMMON_BLOCKS = YES;
				GCC_WARN_64_TO_32_BIT_CONVERSION = YES;
				GCC_WARN_ABOUT_RETURN_TYPE = YES_ERROR;
				GCC_WARN_UNDECLARED_SELECTOR = YES;
				GCC_WARN_UNINITIALIZED_AUTOS = YES_AGGRESSIVE;
				GCC_WARN_UNUSED_FUNCTION = YES;
				GCC_WARN_UNUSED_VARIABLE = YES;
				IPHONEOS_DEPLOYMENT_TARGET = 26.2;
				LOCALIZATION_PREFERS_STRING_CATALOGS = YES;
				MTL_ENABLE_DEBUG_INFO = NO;
				MTL_FAST_MATH = YES;
				SDKROOT = iphoneos;
				SWIFT_COMPILATION_MODE = wholemodule;
				SWIFT_EMIT_LOC_STRINGS = YES;
				VALIDATE_PRODUCT = YES;
			};
			name = Release;
		};
		706CE5682F7AAF9A00FE7CB1 /* Debug */ = {
			isa = XCBuildConfiguration;
			buildSettings = {
				ASSETCATALOG_COMPILER_APPICON_NAME = AppIcon;
				ASSETCATALOG_COMPILER_GLOBAL_ACCENT_COLOR_NAME = AccentColor;
				CODE_SIGN_STYLE = Automatic;
				CURRENT_PROJECT_VERSION = 4;
				DEVELOPMENT_TEAM = F97AL9VQUZ;
				ENABLE_PREVIEWS = YES;
				GENERATE_INFOPLIST_FILE = YES;
				INFOPLIST_FILE = AudioReverse/Info.plist;
				INFOPLIST_KEY_ITSAppUsesNonExemptEncryption = NO;
				INFOPLIST_KEY_NSMicrophoneUsageDescription = "To record voice and reverse it";
				INFOPLIST_KEY_UIApplicationSceneManifest_Generation = YES;
				INFOPLIST_KEY_UIApplicationSupportsIndirectInputEvents = YES;
				INFOPLIST_KEY_UILaunchScreen_Generation = YES;
				INFOPLIST_KEY_UISupportedInterfaceOrientations = UIInterfaceOrientationPortrait;
				INFOPLIST_KEY_UISupportedInterfaceOrientations_iPad = "UIInterfaceOrientationLandscapeLeft UIInterfaceOrientationLandscapeRight UIInterfaceOrientationPortrait UIInterfaceOrientationPortraitUpsideDown";
				INFOPLIST_KEY_UIUserInterfaceStyle = Dark;
				IPHONEOS_DEPLOYMENT_TARGET = 18.6;
				LD_RUNPATH_SEARCH_PATHS = (
					"$(inherited)",
					"@executable_path/Frameworks",
				);
				MARKETING_VERSION = 1.0;
				PRODUCT_BUNDLE_IDENTIFIER = com.bulenthanci.AudioReverse;
				PRODUCT_NAME = "$(TARGET_NAME)";
				STRING_CATALOG_GENERATE_SYMBOLS = YES;
				SUPPORTED_PLATFORMS = "iphoneos iphonesimulator";
				SUPPORTS_MACCATALYST = NO;
				SWIFT_APPROACHABLE_CONCURRENCY = YES;
				SWIFT_DEFAULT_ACTOR_ISOLATION = MainActor;
				SWIFT_EMIT_LOC_STRINGS = YES;
				SWIFT_UPCOMING_FEATURE_MEMBER_IMPORT_VISIBILITY = YES;
				SWIFT_VERSION = 5.0;
				TARGETED_DEVICE_FAMILY = 1;
			};
			name = Debug;
		};
		706CE5692F7AAF9A00FE7CB1 /* Release */ = {
			isa = XCBuildConfiguration;
			buildSettings = {
				ASSETCATALOG_COMPILER_APPICON_NAME = AppIcon;
				ASSETCATALOG_COMPILER_GLOBAL_ACCENT_COLOR_NAME = AccentColor;
				CODE_SIGN_STYLE = Automatic;
				CURRENT_PROJECT_VERSION = 4;
				DEVELOPMENT_TEAM = F97AL9VQUZ;
				ENABLE_PREVIEWS = YES;
				GENERATE_INFOPLIST_FILE = YES;
				INFOPLIST_FILE = AudioReverse/Info.plist;
				INFOPLIST_KEY_ITSAppUsesNonExemptEncryption = NO;
				INFOPLIST_KEY_NSMicrophoneUsageDescription = "To record voice and reverse it";
				INFOPLIST_KEY_UIApplicationSceneManifest_Generation = YES;
				INFOPLIST_KEY_UIApplicationSupportsIndirectInputEvents = YES;
				INFOPLIST_KEY_UILaunchScreen_Generation = YES;
				INFOPLIST_KEY_UISupportedInterfaceOrientations = UIInterfaceOrientationPortrait;
				INFOPLIST_KEY_UISupportedInterfaceOrientations_iPad = "UIInterfaceOrientationLandscapeLeft UIInterfaceOrientationLandscapeRight UIInterfaceOrientationPortrait UIInterfaceOrientationPortraitUpsideDown";
				INFOPLIST_KEY_UIUserInterfaceStyle = Dark;
				IPHONEOS_DEPLOYMENT_TARGET = 18.6;
				LD_RUNPATH_SEARCH_PATHS = (
					"$(inherited)",
					"@executable_path/Frameworks",
				);
				MARKETING_VERSION = 1.0;
				PRODUCT_BUNDLE_IDENTIFIER = com.bulenthanci.AudioReverse;
				PRODUCT_NAME = "$(TARGET_NAME)";
				STRING_CATALOG_GENERATE_SYMBOLS = YES;
				SUPPORTED_PLATFORMS = "iphoneos iphonesimulator";
				SUPPORTS_MACCATALYST = NO;
				SWIFT_APPROACHABLE_CONCURRENCY = YES;
				SWIFT_DEFAULT_ACTOR_ISOLATION = MainActor;
				SWIFT_EMIT_LOC_STRINGS = YES;
				SWIFT_UPCOMING_FEATURE_MEMBER_IMPORT_VISIBILITY = YES;
				SWIFT_VERSION = 5.0;
				TARGETED_DEVICE_FAMILY = 1;
			};
			name = Release;
		};
		70B955562F81B1E300324F31 /* Debug */ = {
			isa = XCBuildConfiguration;
			buildSettings = {
				ASSETCATALOG_COMPILER_GLOBAL_ACCENT_COLOR_NAME = AccentColor;
				ASSETCATALOG_COMPILER_WIDGET_BACKGROUND_COLOR_NAME = WidgetBackground;
				CODE_SIGN_STYLE = Automatic;
				CURRENT_PROJECT_VERSION = 1;
				DEVELOPMENT_TEAM = F97AL9VQUZ;
				GENERATE_INFOPLIST_FILE = YES;
				INFOPLIST_FILE = RecordWidget/Info.plist;
				INFOPLIST_KEY_CFBundleDisplayName = RecordWidget;
				INFOPLIST_KEY_NSHumanReadableCopyright = "";
				LD_RUNPATH_SEARCH_PATHS = (
					"$(inherited)",
					"@executable_path/Frameworks",
					"@executable_path/../../Frameworks",
				);
				MARKETING_VERSION = 1.0;
				PRODUCT_BUNDLE_IDENTIFIER = com.bulenthanci.AudioReverse.RecordWidget;
				PRODUCT_NAME = "$(TARGET_NAME)";
				SKIP_INSTALL = YES;
				STRING_CATALOG_GENERATE_SYMBOLS = YES;
				SWIFT_APPROACHABLE_CONCURRENCY = YES;
				SWIFT_EMIT_LOC_STRINGS = YES;
				SWIFT_UPCOMING_FEATURE_MEMBER_IMPORT_VISIBILITY = YES;
				SWIFT_VERSION = 5.0;
				TARGETED_DEVICE_FAMILY = "1,2";
			};
			name = Debug;
		};
		70B955572F81B1E300324F31 /* Release */ = {
			isa = XCBuildConfiguration;
			buildSettings = {
				ASSETCATALOG_COMPILER_GLOBAL_ACCENT_COLOR_NAME = AccentColor;
				ASSETCATALOG_COMPILER_WIDGET_BACKGROUND_COLOR_NAME = WidgetBackground;
				CODE_SIGN_STYLE = Automatic;
				CURRENT_PROJECT_VERSION = 1;
				DEVELOPMENT_TEAM = F97AL9VQUZ;
				GENERATE_INFOPLIST_FILE = YES;
				INFOPLIST_FILE = RecordWidget/Info.plist;
				INFOPLIST_KEY_CFBundleDisplayName = RecordWidget;
				INFOPLIST_KEY_NSHumanReadableCopyright = "";
				LD_RUNPATH_SEARCH_PATHS = (
					"$(inherited)",
					"@executable_path/Frameworks",
					"@executable_path/../../Frameworks",
				);
				MARKETING_VERSION = 1.0;
				PRODUCT_BUNDLE_IDENTIFIER = com.bulenthanci.AudioReverse.RecordWidget;
				PRODUCT_NAME = "$(TARGET_NAME)";
				SKIP_INSTALL = YES;
				STRING_CATALOG_GENERATE_SYMBOLS = YES;
				SWIFT_APPROACHABLE_CONCURRENCY = YES;
				SWIFT_EMIT_LOC_STRINGS = YES;
				SWIFT_UPCOMING_FEATURE_MEMBER_IMPORT_VISIBILITY = YES;
				SWIFT_VERSION = 5.0;
				TARGETED_DEVICE_FAMILY = "1,2";
			};
			name = Release;
		};
/* End XCBuildConfiguration section */

/* Begin XCConfigurationList section */
		706CE5572F7AAF9900FE7CB1 /* Build configuration list for PBXProject "AudioReverse" */ = {
			isa = XCConfigurationList;
			buildConfigurations = (
				706CE5652F7AAF9A00FE7CB1 /* Debug */,
				706CE5662F7AAF9A00FE7CB1 /* Release */,
			);
			defaultConfigurationIsVisible = 0;
			defaultConfigurationName = Release;
		};
		706CE5672F7AAF9A00FE7CB1 /* Build configuration list for PBXNativeTarget "AudioReverse" */ = {
			isa = XCConfigurationList;
			buildConfigurations = (
				706CE5682F7AAF9A00FE7CB1 /* Debug */,
				706CE5692F7AAF9A00FE7CB1 /* Release */,
			);
			defaultConfigurationIsVisible = 0;
			defaultConfigurationName = Release;
		};
		70B955552F81B1E300324F31 /* Build configuration list for PBXNativeTarget "RecordWidgetExtension" */ = {
			isa = XCConfigurationList;
			buildConfigurations = (
				70B955562F81B1E300324F31 /* Debug */,
				70B955572F81B1E300324F31 /* Release */,
			);
			defaultConfigurationIsVisible = 0;
			defaultConfigurationName = Release;
		};
/* End XCConfigurationList section */

/* Begin XCRemoteSwiftPackageReference section */
		70529F8F2F7EA67500E53993 /* XCRemoteSwiftPackageReference "WaveformScrubber" */ = {
			isa = XCRemoteSwiftPackageReference;
			repositoryURL = "https://github.com/lkora/WaveformScrubber.git";
			requirement = {
				branch = main;
				kind = branch;
			};
		};
		7064ADEB2F800EF300B06E04 /* XCRemoteSwiftPackageReference "purchases-ios-spm" */ = {
			isa = XCRemoteSwiftPackageReference;
			repositoryURL = "https://github.com/RevenueCat/purchases-ios-spm";
			requirement = {
				kind = upToNextMajorVersion;
				minimumVersion = 5.67.1;
			};
		};
		7064ADEE2F80116600B06E04 /* XCRemoteSwiftPackageReference "SVProgressHUD" */ = {
			isa = XCRemoteSwiftPackageReference;
			repositoryURL = "https://github.com/SVProgressHUD/SVProgressHUD.git";
			requirement = {
				kind = upToNextMajorVersion;
				minimumVersion = 2.3.1;
			};
		};
/* End XCRemoteSwiftPackageReference section */

/* Begin XCSwiftPackageProductDependency section */
		70529F902F7EA67500E53993 /* WaveformScrubber */ = {
			isa = XCSwiftPackageProductDependency;
			package = 70529F8F2F7EA67500E53993 /* XCRemoteSwiftPackageReference "WaveformScrubber" */;
			productName = WaveformScrubber;
		};
		7064ADEC2F800EF300B06E04 /* RevenueCat */ = {
			isa = XCSwiftPackageProductDependency;
			package = 7064ADEB2F800EF300B06E04 /* XCRemoteSwiftPackageReference "purchases-ios-spm" */;
			productName = RevenueCat;
		};
		7064ADEF2F80116600B06E04 /* SVProgressHUD */ = {
			isa = XCSwiftPackageProductDependency;
			package = 7064ADEE2F80116600B06E04 /* XCRemoteSwiftPackageReference "SVProgressHUD" */;
			productName = SVProgressHUD;
		};
/* End XCSwiftPackageProductDependency section */
	};
	rootObject = 706CE5542F7AAF9900FE7CB1 /* Project object */;
}
